
Microsoft Visual Studio Solution File, Format Version 12.00
# Visual Studio 15
Project("{FAE04EC0-301F-11D3-BF4B-00C04F79EFBC}") = "APIToDocker", "APIToDocker\APIToDocker.csproj", "{7FF97615-5CB5-44B6-907E-FE1FA39C0085}"
EndProject
Project("{E53339B2-1760-4266-BCC7-CA923CBCF16C}") = "docker-compose", "docker-compose.dcproj", "{DE8CB5E2-BEB7-4EB6-BC52-EF7C4CB6EE4E}"
EndProject
Global
	GlobalSection(SolutionConfigurationPlatforms) = preSolution
		Debug|Any CPU = Debug|Any CPU
		Release|Any CPU = Release|Any CPU
	EndGlobalSection
	GlobalSection(ProjectConfigurationPlatforms) = postSolution
		{7FF97615-5CB5-44B6-907E-FE1FA39C0085}.Debug|Any CPU.ActiveCfg = Debug|Any CPU
		{7FF97615-5CB5-44B6-907E-FE1FA39C0085}.Debug|Any CPU.Build.0 = Debug|Any CPU
		{7FF97615-5CB5-44B6-907E-FE1FA39C0085}.Release|Any CPU.ActiveCfg = Release|Any CPU
		{7FF97615-5CB5-44B6-907E-FE1FA39C0085}.Release|Any CPU.Build.0 = Release|Any CPU
		{DE8CB5E2-BEB7-4EB6-BC52-EF7C4CB6EE4E}.Debug|Any CPU.ActiveCfg = Debug|Any CPU
		{DE8CB5E2-BEB7-4EB6-BC52-EF7C4CB6EE4E}.Debug|Any CPU.Build.0 = Debug|Any CPU
		{DE8CB5E2-BEB7-4EB6-BC52-EF7C4CB6EE4E}.Release|Any CPU.ActiveCfg = Release|Any CPU
		{DE8CB5E2-BEB7-4EB6-BC52-EF7C4CB6EE4E}.Release|Any CPU.Build.0 = Release|Any CPU
	EndGlobalSection
EndGlobal
